
Microsoft Visual Studio Solution File, Format Version 11.00
# Visual Studio 2010
Project("{FAE04EC0-301F-11D3-BF4B-00C04F79EFBC}") = "CameraTesting", "Assembly-CSharp.csproj", "{00C24A6E-A1BC-8F9A-5E99-5164BB8E3EB2}"
EndProject
Project("{FAE04EC0-301F-11D3-BF4B-00C04F79EFBC}") = "CameraTesting", "Assembly-CSharp-firstpass.csproj", "{3EB6C927-6D64-7F3E-7665-97BD8510EA01}"
EndProject
Project("{FAE04EC0-301F-11D3-BF4B-00C04F79EFBC}") = "CameraTesting", "Assembly-CSharp-Editor-firstpass.csproj", "{67C08120-EEBA-29A7-BA5E-4B33092DC26E}"
EndProject
Global
	GlobalSection(SolutionConfigurationPlatforms) = preSolution
		Debug|Any CPU = Debug|Any CPU
		Release|Any CPU = Release|Any CPU
	EndGlobalSection
	GlobalSection(ProjectConfigurationPlatforms) = postSolution
		{00C24A6E-A1BC-8F9A-5E99-5164BB8E3EB2}.Debug|Any CPU.ActiveCfg = Debug|Any CPU
		{00C24A6E-A1BC-8F9A-5E99-5164BB8E3EB2}.Debug|Any CPU.Build.0 = Debug|Any CPU
		{00C24A6E-A1BC-8F9A-5E99-5164BB8E3EB2}.Release|Any CPU.ActiveCfg = Release|Any CPU
		{00C24A6E-A1BC-8F9A-5E99-5164BB8E3EB2}.Release|Any CPU.Build.0 = Release|Any CPU
		{3EB6C927-6D64-7F3E-7665-97BD8510EA01}.Debug|Any CPU.ActiveCfg = Debug|Any CPU
		{3EB6C927-6D64-7F3E-7665-97BD8510EA01}.Debug|Any CPU.Build.0 = Debug|Any CPU
		{3EB6C927-6D64-7F3E-7665-97BD8510EA01}.Release|Any CPU.ActiveCfg = Release|Any CPU
		{3EB6C927-6D64-7F3E-7665-97BD8510EA01}.Release|Any CPU.Build.0 = Release|Any CPU
		{67C08120-EEBA-29A7-BA5E-4B33092DC26E}.Debug|Any CPU.ActiveCfg = Debug|Any CPU
		{67C08120-EEBA-29A7-BA5E-4B33092DC26E}.Debug|Any CPU.Build.0 = Debug|Any CPU
		{67C08120-EEBA-29A7-BA5E-4B33092DC26E}.Release|Any CPU.ActiveCfg = Release|Any CPU
		{67C08120-EEBA-29A7-BA5E-4B33092DC26E}.Release|Any CPU.Build.0 = Release|Any CPU
	EndGlobalSection
	GlobalSection(SolutionProperties) = preSolution
		HideSolutionNode = FALSE
	EndGlobalSection
	GlobalSection(MonoDevelopProperties) = preSolution
		StartupItem = Assembly-CSharp.csproj
	EndGlobalSection
EndGlobal
